// !$*UTF8*$!
{
	archiveVersion = 1;
	classes = {
	};
	objectVersion = 46;
	objects = {

/* Begin PBXBuildFile section */
		69129C7D1CBB37920005D5DE /* main.m in Sources */ = {isa = PBXBuildFile; fileRef = 69129C7C1CBB37920005D5DE /* main.m */; };
		69129C801CBB37920005D5DE /* AppDelegate.m in Sources */ = {isa = PBXBuildFile; fileRef = 69129C7F1CBB37920005D5DE /* AppDelegate.m */; };
		69129C831CBB37920005D5DE /* ViewController.m in Sources */ = {isa = PBXBuildFile; fileRef = 69129C821CBB37920005D5DE /* ViewController.m */; };
		69129C861CBB37920005D5DE /* Main.storyboard in Resources */ = {isa = PBXBuildFile; fileRef = 69129C841CBB37920005D5DE /* Main.storyboard */; };
		69129C881CBB37920005D5DE /* Assets.xcassets in Resources */ = {isa = PBXBuildFile; fileRef = 69129C871CBB37920005D5DE /* Assets.xcassets */; };
		69129C8B1CBB37920005D5DE /* LaunchScreen.storyboard in Resources */ = {isa = PBXBuildFile; fileRef = 69129C891CBB37920005D5DE /* LaunchScreen.storyboard */; };
		69129C961CBB37920005D5DE /* ZhuanZenCalendarDemoTests.m in Sources */ = {isa = PBXBuildFile; fileRef = 69129C951CBB37920005D5DE /* ZhuanZenCalendarDemoTests.m */; };
		69129CA21CBB3BDF0005D5DE /* NSDate+HDFDate.m in Sources */ = {isa = PBXBuildFile; fileRef = 69129CA11CBB3BDF0005D5DE /* NSDate+HDFDate.m */; };
		69129CA31CBB3BDF0005D5DE /* NSDate+HDFDate.m in Sources */ = {isa = PBXBuildFile; fileRef = 69129CA11CBB3BDF0005D5DE /* NSDate+HDFDate.m */; };
		69129CA61CBB3C3B0005D5DE /* HDFHospitalCalendarView.m in Sources */ = {isa = PBXBuildFile; fileRef = 69129CA51CBB3C3B0005D5DE /* HDFHospitalCalendarView.m */; };
		69129CA71CBB3C3B0005D5DE /* HDFHospitalCalendarView.m in Sources */ = {isa = PBXBuildFile; fileRef = 69129CA51CBB3C3B0005D5DE /* HDFHospitalCalendarView.m */; };
		69F8483B1CBB4DD5008C6A4E /* UIControl+HDFControl.m in Sources */ = {isa = PBXBuildFile; fileRef = 69F848381CBB4DD5008C6A4E /* UIControl+HDFControl.m */; };
		69F8483C1CBB4DD5008C6A4E /* UIControl+HDFControl.m in Sources */ = {isa = PBXBuildFile; fileRef = 69F848381CBB4DD5008C6A4E /* UIControl+HDFControl.m */; };
		69F8483D1CBB4DD5008C6A4E /* UIView+HDFView.m in Sources */ = {isa = PBXBuildFile; fileRef = 69F8483A1CBB4DD5008C6A4E /* UIView+HDFView.m */; };
		69F8483E1CBB4DD5008C6A4E /* UIView+HDFView.m in Sources */ = {isa = PBXBuildFile; fileRef = 69F8483A1CBB4DD5008C6A4E /* UIView+HDFView.m */; };
		69F848411CBB572F008C6A4E /* UIGestureRecognizer+HDFGesture.m in Sources */ = {isa = PBXBuildFile; fileRef = 69F848401CBB572F008C6A4E /* UIGestureRecognizer+HDFGesture.m */; };
		69F848421CBB572F008C6A4E /* UIGestureRecognizer+HDFGesture.m in Sources */ = {isa = PBXBuildFile; fileRef = 69F848401CBB572F008C6A4E /* UIGestureRecognizer+HDFGesture.m */; };
/* End PBXBuildFile section */

/* Begin PBXContainerItemProxy section */
		69129C921CBB37920005D5DE /* PBXContainerItemProxy */ = {
			isa = PBXContainerItemProxy;
			containerPortal = 69129C701CBB37920005D5DE /* Project object */;
			proxyType = 1;
			remoteGlobalIDString = 69129C771CBB37920005D5DE;
			remoteInfo = ZhuanZenCalendarDemo;
		};
/* End PBXContainerItemProxy section */

/* Begin PBXFileReference section */
		69129C781CBB37920005D5DE /* ZhuanZenCalendarDemo.app */ = {isa = PBXFileReference; explicitFileType = wrapper.application; includeInIndex = 0; path = ZhuanZenCalendarDemo.app; sourceTree = BUILT_PRODUCTS_DIR; };
		69129C7C1CBB37920005D5DE /* main.m */ = {isa = PBXFileReference; lastKnownFileType = sourcecode.c.objc; path = main.m; sourceTree = "<group>"; };
		69129C7E1CBB37920005D5DE /* AppDelegate.h */ = {isa = PBXFileReference; lastKnownFileType = sourcecode.c.h; path = AppDelegate.h; sourceTree = "<group>"; };
		69129C7F1CBB37920005D5DE /* AppDelegate.m */ = {isa = PBXFileReference; lastKnownFileType = sourcecode.c.objc; path = AppDelegate.m; sourceTree = "<group>"; };
		69129C811CBB37920005D5DE /* ViewController.h */ = {isa = PBXFileReference; lastKnownFileType = sourcecode.c.h; path = ViewController.h; sourceTree = "<group>"; };
		69129C821CBB37920005D5DE /* ViewController.m */ = {isa = PBXFileReference; lastKnownFileType = sourcecode.c.objc; path = ViewController.m; sourceTree = "<group>"; };
		69129C851CBB37920005D5DE /* Base */ = {isa = PBXFileReference; lastKnownFileType = file.storyboard; name = Base; path = Base.lproj/Main.storyboard; sourceTree = "<group>"; };
		69129C871CBB37920005D5DE /* Assets.xcassets */ = {isa = PBXFileReference; lastKnownFileType = folder.assetcatalog; path = Assets.xcassets; sourceTree = "<group>"; };
		69129C8A1CBB37920005D5DE /* Base */ = {isa = PBXFileReference; lastKnownFileType = file.storyboard; name = Base; path = Base.lproj/LaunchScreen.storyboard; sourceTree = "<group>"; };
		69129C8C1CBB37920005D5DE /* Info.plist */ = {isa = PBXFileReference; lastKnownFileType = text.plist.xml; path = Info.plist; sourceTree = "<group>"; };
		69129C911CBB37920005D5DE /* ZhuanZenCalendarDemoTests.xctest */ = {isa = PBXFileReference; explicitFileType = wrapper.cfbundle; includeInIndex = 0; path = ZhuanZenCalendarDemoTests.xctest; sourceTree = BUILT_PRODUCTS_DIR; };
		69129C951CBB37920005D5DE /* ZhuanZenCalendarDemoTests.m */ = {isa = PBXFileReference; lastKnownFileType = sourcecode.c.objc; path = ZhuanZenCalendarDemoTests.m; sourceTree = "<group>"; };
		69129C971CBB37920005D5DE /* Info.plist */ = {isa = PBXFileReference; lastKnownFileType = text.plist.xml; path = Info.plist; sourceTree = "<group>"; };
		69129CA01CBB3BDF0005D5DE /* NSDate+HDFDate.h */ = {isa = PBXFileReference; fileEncoding = 4; lastKnownFileType = sourcecode.c.h; path = "NSDate+HDFDate.h"; sourceTree = "<group>"; };
		69129CA11CBB3BDF0005D5DE /* NSDate+HDFDate.m */ = {isa = PBXFileReference; fileEncoding = 4; lastKnownFileType = sourcecode.c.objc; path = "NSDate+HDFDate.m"; sourceTree = "<group>"; };
		69129CA41CBB3C3B0005D5DE /* HDFHospitalCalendarView.h */ = {isa = PBXFileReference; fileEncoding = 4; lastKnownFileType = sourcecode.c.h; path = HDFHospitalCalendarView.h; sourceTree = "<group>"; };
		69129CA51CBB3C3B0005D5DE /* HDFHospitalCalendarView.m */ = {isa = PBXFileReference; fileEncoding = 4; lastKnownFileType = sourcecode.c.objc; path = HDFHospitalCalendarView.m; sourceTree = "<group>"; };
		69F848371CBB4DD5008C6A4E /* UIControl+HDFControl.h */ = {isa = PBXFileReference; fileEncoding = 4; lastKnownFileType = sourcecode.c.h; path = "UIControl+HDFControl.h"; sourceTree = "<group>"; };
		69F848381CBB4DD5008C6A4E /* UIControl+HDFControl.m */ = {isa = PBXFileReference; fileEncoding = 4; lastKnownFileType = sourcecode.c.objc; path = "UIControl+HDFControl.m"; sourceTree = "<group>"; };
		69F848391CBB4DD5008C6A4E /* UIView+HDFView.h */ = {isa = PBXFileReference; fileEncoding = 4; lastKnownFileType = sourcecode.c.h; path = "UIView+HDFView.h"; sourceTree = "<group>"; };
		69F8483A1CBB4DD5008C6A4E /* UIView+HDFView.m */ = {isa = PBXFileReference; fileEncoding = 4; lastKnownFileType = sourcecode.c.objc; path = "UIView+HDFView.m"; sourceTree = "<group>"; };
		69F8483F1CBB572F008C6A4E /* UIGestureRecognizer+HDFGesture.h */ = {isa = PBXFileReference; fileEncoding = 4; lastKnownFileType = sourcecode.c.h; path = "UIGestureRecognizer+HDFGesture.h"; sourceTree = "<group>"; };
		69F848401CBB572F008C6A4E /* UIGestureRecognizer+HDFGesture.m */ = {isa = PBXFileReference; fileEncoding = 4; lastKnownFileType = sourcecode.c.objc; path = "UIGestureRecognizer+HDFGesture.m"; sourceTree = "<group>"; };
/* End PBXFileReference section */

/* Begin PBXFrameworksBuildPhase section */
		69129C751CBB37920005D5DE /* Frameworks */ = {
			isa = PBXFrameworksBuildPhase;
			buildActionMask = 2147483647;
			files = (
			);
			runOnlyForDeploymentPostprocessing = 0;
		};
		69129C8E1CBB37920005D5DE /* Frameworks */ = {
			isa = PBXFrameworksBuildPhase;
			buildActionMask = 2147483647;
			files = (
			);
			runOnlyForDeploymentPostprocessing = 0;
		};
/* End PBXFrameworksBuildPhase section */

/* Begin PBXGroup section */
		69129C6F1CBB37920005D5DE = {
			isa = PBXGroup;
			children = (
				69129C7A1CBB37920005D5DE /* ZhuanZenCalendarDemo */,
				69129C941CBB37920005D5DE /* ZhuanZenCalendarDemoTests */,
				69129C791CBB37920005D5DE /* Products */,
			);
			sourceTree = "<group>";
		};
		69129C791CBB37920005D5DE /* Products */ = {
			isa = PBXGroup;
			children = (
				69129C781CBB37920005D5DE /* ZhuanZenCalendarDemo.app */,
				69129C911CBB37920005D5DE /* ZhuanZenCalendarDemoTests.xctest */,
			);
			name = Products;
			sourceTree = "<group>";
		};
		69129C7A1CBB37920005D5DE /* ZhuanZenCalendarDemo */ = {
			isa = PBXGroup;
			children = (
				69F8483F1CBB572F008C6A4E /* UIGestureRecognizer+HDFGesture.h */,
				69F848401CBB572F008C6A4E /* UIGestureRecognizer+HDFGesture.m */,
				69F848371CBB4DD5008C6A4E /* UIControl+HDFControl.h */,
				69F848381CBB4DD5008C6A4E /* UIControl+HDFControl.m */,
				69F848391CBB4DD5008C6A4E /* UIView+HDFView.h */,
				69F8483A1CBB4DD5008C6A4E /* UIView+HDFView.m */,
				69129CA01CBB3BDF0005D5DE /* NSDate+HDFDate.h */,
				69129CA11CBB3BDF0005D5DE /* NSDate+HDFDate.m */,
				69129C7E1CBB37920005D5DE /* AppDelegate.h */,
				69129C7F1CBB37920005D5DE /* AppDelegate.m */,
				69129C811CBB37920005D5DE /* ViewController.h */,
				69129C821CBB37920005D5DE /* ViewController.m */,
				69129C841CBB37920005D5DE /* Main.storyboard */,
				69129C871CBB37920005D5DE /* Assets.xcassets */,
				69129C891CBB37920005D5DE /* LaunchScreen.storyboard */,
				69129C8C1CBB37920005D5DE /* Info.plist */,
				69129C7B1CBB37920005D5DE /* Supporting Files */,
				69129CA41CBB3C3B0005D5DE /* HDFHospitalCalendarView.h */,
				69129CA51CBB3C3B0005D5DE /* HDFHospitalCalendarView.m */,
			);
			path = ZhuanZenCalendarDemo;
			sourceTree = "<group>";
		};
		69129C7B1CBB37920005D5DE /* Supporting Files */ = {
			isa = PBXGroup;
			children = (
				69129C7C1CBB37920005D5DE /* main.m */,
			);
			name = "Supporting Files";
			sourceTree = "<group>";
		};
		69129C941CBB37920005D5DE /* ZhuanZenCalendarDemoTests */ = {
			isa = PBXGroup;
			children = (
				69129C951CBB37920005D5DE /* ZhuanZenCalendarDemoTests.m */,
				69129C971CBB37920005D5DE /* Info.plist */,
			);
			path = ZhuanZenCalendarDemoTests;
			sourceTree = "<group>";
		};
/* End PBXGroup section */

/* Begin PBXNativeTarget section */
		69129C771CBB37920005D5DE /* ZhuanZenCalendarDemo */ = {
			isa = PBXNativeTarget;
			buildConfigurationList = 69129C9A1CBB37920005D5DE /* Build configuration list for PBXNativeTarget "ZhuanZenCalendarDemo" */;
			buildPhases = (
				69129C741CBB37920005D5DE /* Sources */,
				69129C751CBB37920005D5DE /* Frameworks */,
				69129C761CBB37920005D5DE /* Resources */,
			);
			buildRules = (
			);
			dependencies = (
			);
			name = ZhuanZenCalendarDemo;
			productName = ZhuanZenCalendarDemo;
			productReference = 69129C781CBB37920005D5DE /* ZhuanZenCalendarDemo.app */;
			productType = "com.apple.product-type.application";
		};
		69129C901CBB37920005D5DE /* ZhuanZenCalendarDemoTests */ = {
			isa = PBXNativeTarget;
			buildConfigurationList = 69129C9D1CBB37920005D5DE /* Build configuration list for PBXNativeTarget "ZhuanZenCalendarDemoTests" */;
			buildPhases = (
				69129C8D1CBB37920005D5DE /* Sources */,
				69129C8E1CBB37920005D5DE /* Frameworks */,
				69129C8F1CBB37920005D5DE /* Resources */,
			);
			buildRules = (
			);
			dependencies = (
				69129C931CBB37920005D5DE /* PBXTargetDependency */,
			);
			name = ZhuanZenCalendarDemoTests;
			productName = ZhuanZenCalendarDemoTests;
			productReference = 69129C911CBB37920005D5DE /* ZhuanZenCalendarDemoTests.xctest */;
			productType = "com.apple.product-type.bundle.unit-test";
		};
/* End PBXNativeTarget section */

/* Begin PBXProject section */
		69129C701CBB37920005D5DE /* Project object */ = {
			isa = PBXProject;
			attributes = {
				LastUpgradeCheck = 0720;
				ORGANIZATIONNAME = huangyibiao;
				TargetAttributes = {
					69129C771CBB37920005D5DE = {
						CreatedOnToolsVersion = 7.2.1;
					};
					69129C901CBB37920005D5DE = {
						CreatedOnToolsVersion = 7.2.1;
						TestTargetID = 69129C771CBB37920005D5DE;
					};
				};
			};
			buildConfigurationList = 69129C731CBB37920005D5DE /* Build configuration list for PBXProject "ZhuanZenCalendarDemo" */;
			compatibilityVersion = "Xcode 3.2";
			developmentRegion = English;
			hasScannedForEncodings = 0;
			knownRegions = (
				en,
				Base,
			);
			mainGroup = 69129C6F1CBB37920005D5DE;
			productRefGroup = 69129C791CBB37920005D5DE /* Products */;
			projectDirPath = "";
			projectRoot = "";
			targets = (
				69129C771CBB37920005D5DE /* ZhuanZenCalendarDemo */,
				69129C901CBB37920005D5DE /* ZhuanZenCalendarDemoTests */,
			);
		};
/* End PBXProject section */

/* Begin PBXResourcesBuildPhase section */
		69129C761CBB37920005D5DE /* Resources */ = {
			isa = PBXResourcesBuildPhase;
			buildActionMask = 2147483647;
			files = (
				69129C8B1CBB37920005D5DE /* LaunchScreen.storyboard in Resources */,
				69129C881CBB37920005D5DE /* Assets.xcassets in Resources */,
				69129C861CBB37920005D5DE /* Main.storyboard in Resources */,
			);
			runOnlyForDeploymentPostprocessing = 0;
		};
		69129C8F1CBB37920005D5DE /* Resources */ = {
			isa = PBXResourcesBuildPhase;
			buildActionMask = 2147483647;
			files = (
			);
			runOnlyForDeploymentPostprocessing = 0;
		};
/* End PBXResourcesBuildPhase section */

/* Begin PBXSourcesBuildPhase section */
		69129C741CBB37920005D5DE /* Sources */ = {
			isa = PBXSourcesBuildPhase;
			buildActionMask = 2147483647;
			files = (
				69F848411CBB572F008C6A4E /* UIGestureRecognizer+HDFGesture.m in Sources */,
				69F8483B1CBB4DD5008C6A4E /* UIControl+HDFControl.m in Sources */,
				69129C831CBB37920005D5DE /* ViewController.m in Sources */,
				69129CA21CBB3BDF0005D5DE /* NSDate+HDFDate.m in Sources */,
				69129C801CBB37920005D5DE /* AppDelegate.m in Sources */,
				69F8483D1CBB4DD5008C6A4E /* UIView+HDFView.m in Sources */,
				69129CA61CBB3C3B0005D5DE /* HDFHospitalCalendarView.m in Sources */,
				69129C7D1CBB37920005D5DE /* main.m in Sources */,
			);
			runOnlyForDeploymentPostprocessing = 0;
		};
		69129C8D1CBB37920005D5DE /* Sources */ = {
			isa = PBXSourcesBuildPhase;
			buildActionMask = 2147483647;
			files = (
				69F848421CBB572F008C6A4E /* UIGestureRecognizer+HDFGesture.m in Sources */,
				69129CA71CBB3C3B0005D5DE /* HDFHospitalCalendarView.m in Sources */,
				69129C961CBB37920005D5DE /* ZhuanZenCalendarDemoTests.m in Sources */,
				69F8483E1CBB4DD5008C6A4E /* UIView+HDFView.m in Sources */,
				69F8483C1CBB4DD5008C6A4E /* UIControl+HDFControl.m in Sources */,
				69129CA31CBB3BDF0005D5DE /* NSDate+HDFDate.m in Sources */,
			);
			runOnlyForDeploymentPostprocessing = 0;
		};
/* End PBXSourcesBuildPhase section */

/* Begin PBXTargetDependency section */
		69129C931CBB37920005D5DE /* PBXTargetDependency */ = {
			isa = PBXTargetDependency;
			target = 69129C771CBB37920005D5DE /* ZhuanZenCalendarDemo */;
			targetProxy = 69129C921CBB37920005D5DE /* PBXContainerItemProxy */;
		};
/* End PBXTargetDependency section */

/* Begin PBXVariantGroup section */
		69129C841CBB37920005D5DE /* Main.storyboard */ = {
			isa = PBXVariantGroup;
			children = (
				69129C851CBB37920005D5DE /* Base */,
			);
			name = Main.storyboard;
			sourceTree = "<group>";
		};
		69129C891CBB37920005D5DE /* LaunchScreen.storyboard */ = {
			isa = PBXVariantGroup;
			children = (
				69129C8A1CBB37920005D5DE /* Base */,
			);
			name = LaunchScreen.storyboard;
			sourceTree = "<group>";
		};
/* End PBXVariantGroup section */

/* Begin XCBuildConfiguration section */
		69129C981CBB37920005D5DE /* Debug */ = {
			isa = XCBuildConfiguration;
			buildSettings = {
				ALWAYS_SEARCH_USER_PATHS = NO;
				CLANG_CXX_LANGUAGE_STANDARD = "gnu++0x";
				CLANG_CXX_LIBRARY = "libc++";
				CLANG_ENABLE_MODULES = YES;
				CLANG_ENABLE_OBJC_ARC = YES;
				CLANG_WARN_BOOL_CONVERSION = YES;
				CLANG_WARN_CONSTANT_CONVERSION = YES;
				CLANG_WARN_DIRECT_OBJC_ISA_USAGE = YES_ERROR;
				CLANG_WARN_EMPTY_BODY = YES;
				CLANG_WARN_ENUM_CONVERSION = YES;
				CLANG_WARN_INT_CONVERSION = YES;
				CLANG_WARN_OBJC_ROOT_CLASS = YES_ERROR;
				CLANG_WARN_UNREACHABLE_CODE = YES;
				CLANG_WARN__DUPLICATE_METHOD_MATCH = YES;
				"CODE_SIGN_IDENTITY[sdk=iphoneos*]" = "iPhone Developer";
				COPY_PHASE_STRIP = NO;
				DEBUG_INFORMATION_FORMAT = dwarf;
				ENABLE_STRICT_OBJC_MSGSEND = YES;
				ENABLE_TESTABILITY = YES;
				GCC_C_LANGUAGE_STANDARD = gnu99;
				GCC_DYNAMIC_NO_PIC = NO;
				GCC_NO_COMMON_BLOCKS = YES;
				GCC_OPTIMIZATION_LEVEL = 0;
				GCC_PREPROCESSOR_DEFINITIONS = (
					"DEBUG=1",
					"$(inherited)",
				);
				GCC_WARN_64_TO_32_BIT_CONVERSION = YES;
				GCC_WARN_ABOUT_RETURN_TYPE = YES_ERROR;
				GCC_WARN_UNDECLARED_SELECTOR = YES;
				GCC_WARN_UNINITIALIZED_AUTOS = YES_AGGRESSIVE;
				GCC_WARN_UNUSED_FUNCTION = YES;
				GCC_WARN_UNUSED_VARIABLE = YES;
				IPHONEOS_DEPLOYMENT_TARGET = 9.2;
				MTL_ENABLE_DEBUG_INFO = YES;
				ONLY_ACTIVE_ARCH = YES;
				SDKROOT = iphoneos;
			};
			name = Debug;
		};
		69129C991CBB37920005D5DE /* Release */ = {
			isa = XCBuildConfiguration;
			buildSettings = {
				ALWAYS_SEARCH_USER_PATHS = NO;
				CLANG_CXX_LANGUAGE_STANDARD = "gnu++0x";
				CLANG_CXX_LIBRARY = "libc++";
				CLANG_ENABLE_MODULES = YES;
				CLANG_ENABLE_OBJC_ARC = YES;
				CLANG_WARN_BOOL_CONVERSION = YES;
				CLANG_WARN_CONSTANT_CONVERSION = YES;
				CLANG_WARN_DIRECT_OBJC_ISA_USAGE = YES_ERROR;
				CLANG_WARN_EMPTY_BODY = YES;
				CLANG_WARN_ENUM_CONVERSION = YES;
				CLANG_WARN_INT_CONVERSION = YES;
				CLANG_WARN_OBJC_ROOT_CLASS = YES_ERROR;
				CLANG_WARN_UNREACHABLE_CODE = YES;
				CLANG_WARN__DUPLICATE_METHOD_MATCH = YES;
				"CODE_SIGN_IDENTITY[sdk=iphoneos*]" = "iPhone Developer";
				COPY_PHASE_STRIP = NO;
				DEBUG_INFORMATION_FORMAT = "dwarf-with-dsym";
				ENABLE_NS_ASSERTIONS = NO;
				ENABLE_STRICT_OBJC_MSGSEND = YES;
				GCC_C_LANGUAGE_STANDARD = gnu99;
				GCC_NO_COMMON_BLOCKS = YES;
				GCC_WARN_64_TO_32_BIT_CONVERSION = YES;
				GCC_WARN_ABOUT_RETURN_TYPE = YES_ERROR;
				GCC_WARN_UNDECLARED_SELECTOR = YES;
				GCC_WARN_UNINITIALIZED_AUTOS = YES_AGGRESSIVE;
				GCC_WARN_UNUSED_FUNCTION = YES;
				GCC_WARN_UNUSED_VARIABLE = YES;
				IPHONEOS_DEPLOYMENT_TARGET = 9.2;
				MTL_ENABLE_DEBUG_INFO = NO;
				SDKROOT = iphoneos;
				VALIDATE_PRODUCT = YES;
			};
			name = Release;
		};
		69129C9B1CBB37920005D5DE /* Debug */ = {
			isa = XCBuildConfiguration;
			buildSettings = {
				ASSETCATALOG_COMPILER_APPICON_NAME = AppIcon;
				INFOPLIST_FILE = ZhuanZenCalendarDemo/Info.plist;
				LD_RUNPATH_SEARCH_PATHS = "$(inherited) @executable_path/Frameworks";
				PRODUCT_BUNDLE_IDENTIFIER = com.huangyibiao.ZhuanZenCalendarDemo;
				PRODUCT_NAME = "$(TARGET_NAME)";
			};
			name = Debug;
		};
		69129C9C1CBB37920005D5DE /* Release */ = {
			isa = XCBuildConfiguration;
			buildSettings = {
				ASSETCATALOG_COMPILER_APPICON_NAME = AppIcon;
				INFOPLIST_FILE = ZhuanZenCalendarDemo/Info.plist;
				LD_RUNPATH_SEARCH_PATHS = "$(inherited) @executable_path/Frameworks";
				PRODUCT_BUNDLE_IDENTIFIER = com.huangyibiao.ZhuanZenCalendarDemo;
				PRODUCT_NAME = "$(TARGET_NAME)";
			};
			name = Release;
		};
		69129C9E1CBB37920005D5DE /* Debug */ = {
			isa = XCBuildConfiguration;
			buildSettings = {
				BUNDLE_LOADER = "$(TEST_HOST)";
				INFOPLIST_FILE = ZhuanZenCalendarDemoTests/Info.plist;
				LD_RUNPATH_SEARCH_PATHS = "$(inherited) @executable_path/Frameworks @loader_path/Frameworks";
				PRODUCT_BUNDLE_IDENTIFIER = com.huangyibiao.ZhuanZenCalendarDemoTests;
				PRODUCT_NAME = "$(TARGET_NAME)";
				TEST_HOST = "$(BUILT_PRODUCTS_DIR)/ZhuanZenCalendarDemo.app/ZhuanZenCalendarDemo";
			};
			name = Debug;
		};
		69129C9F1CBB37920005D5DE /* Release */ = {
			isa = XCBuildConfiguration;
			buildSettings = {
				BUNDLE_LOADER = "$(TEST_HOST)";
				INFOPLIST_FILE = ZhuanZenCalendarDemoTests/Info.plist;
				LD_RUNPATH_SEARCH_PATHS = "$(inherited) @executable_path/Frameworks @loader_path/Frameworks";
				PRODUCT_BUNDLE_IDENTIFIER = com.huangyibiao.ZhuanZenCalendarDemoTests;
				PRODUCT_NAME = "$(TARGET_NAME)";
				TEST_HOST = "$(BUILT_PRODUCTS_DIR)/ZhuanZenCalendarDemo.app/ZhuanZenCalendarDemo";
			};
			name = Release;
		};
/* End XCBuildConfiguration section */

/* Begin XCConfigurationList section */
		69129C731CBB37920005D5DE /* Build configuration list for PBXProject "ZhuanZenCalendarDemo" */ = {
			isa = XCConfigurationList;
			buildConfigurations = (
				69129C981CBB37920005D5DE /* Debug */,
				69129C991CBB37920005D5DE /* Release */,
			);
			defaultConfigurationIsVisible = 0;
			defaultConfigurationName = Release;
		};
		69129C9A1CBB37920005D5DE /* Build configuration list for PBXNativeTarget "ZhuanZenCalendarDemo" */ = {
			isa = XCConfigurationList;
			buildConfigurations = (
				69129C9B1CBB37920005D5DE /* Debug */,
				69129C9C1CBB37920005D5DE /* Release */,
			);
			defaultConfigurationIsVisible = 0;
			defaultConfigurationName = Release;
		};
		69129C9D1CBB37920005D5DE /* Build configuration list for PBXNativeTarget "ZhuanZenCalendarDemoTests" */ = {
			isa = XCConfigurationList;
			buildConfigurations = (
				69129C9E1CBB37920005D5DE /* Debug */,
				69129C9F1CBB37920005D5DE /* Release */,
			);
			defaultConfigurationIsVisible = 0;
			defaultConfigurationName = Release;
		};
/* End XCConfigurationList section */
	};
	rootObject = 69129C701CBB37920005D5DE /* Project object */;
}
